# This file is autogenerated, do not edit; changes may be undone by the next 'dep ensure'.


[[projects]]
  digest = "1:289389aea80d0cdc78b1857af2567c79cc6dffd1ffc53a471e456dbdb47728c9"
  name = "github.com/aws/aws-sdk-go"
  packages = [
    "aws",
    "aws/awserr",
    "aws/awsutil",
    "aws/client",
    "aws/client/metadata",
    "aws/corehandlers",
    "aws/credentials",
    "aws/credentials/ec2rolecreds",
    "aws/credentials/endpointcreds",
    "aws/credentials/processcreds",
    "aws/credentials/stscreds",
    "aws/csm",
    "aws/defaults",
    "aws/ec2metadata",
    "aws/endpoints",
    "aws/request",
    "aws/session",
    "aws/signer/v4",
    "internal/ini",
    "internal/sdkio",
    "internal/sdkmath",
    "internal/sdkrand",
    "internal/sdkuri",
    "internal/shareddefaults",
    "private/protocol",
    "private/protocol/json/jsonutil",
    "private/protocol/query",
    "private/protocol/query/queryutil",
    "private/protocol/rest",
    "private/protocol/xml/xmlutil",
    "service/sqs",
    "service/sts",
    "service/sts/stsiface",
  ]
  pruneopts = "UT"
  revision = "b7eee50b85eaaf44dc40b5676d7035d6909c042e"
  version = "v1.24.5"

[[projects]]
  digest = "1:c952f10089bb57d6e6d56d8880bcbb4d444b1d40b091354cb25b10a6c23b211a"
  name = "github.com/bxcodec/faker"
  packages = [
    ".",
    "support/slice",
  ]
  pruneopts = "UT"
  revision = "bfe096fd9e446fc441f79f1aa53cf1c9b5594179"
  version = "v2.0.1"

[[projects]]
  digest = "1:582b704bebaa06b48c29b0cec224a6058a09c86883aaddabde889cd1a5f73e1b"
  name = "github.com/google/uuid"
  packages = ["."]
  pruneopts = "UT"
  revision = "0cd6bf5da1e1c83f8b45653022c74f71af0538a4"
  version = "v1.1.1"

[[projects]]
  digest = "1:bb81097a5b62634f3e9fec1014657855610c82d19b9a40c17612e32651e35dca"
  name = "github.com/jmespath/go-jmespath"
  packages = ["."]
  pruneopts = "UT"
  revision = "c2b33e84"

[solve-meta]
  analyzer-name = "dep"
  analyzer-version = 1
  input-imports = [
    "github.com/aws/aws-sdk-go/aws",
    "github.com/aws/aws-sdk-go/aws/session",
    "github.com/aws/aws-sdk-go/service/sqs",
    "github.com/bxcodec/faker",
    "github.com/google/uuid",
  ]
  solver-name = "gps-cdcl"
  solver-version = 1
